
Microsoft Visual Studio Solution File, Format Version 12.00
# Visual Studio Version 17
VisualStudioVersion = 17.9.34902.65
MinimumVisualStudioVersion = 10.0.40219.1
Project("{8BC9CEB8-8B4A-11D0-8D11-00A0C91BC942}") = "CommonSNDL", "CommonSNDL\CommonSNDL.vcxproj", "{D9756DE6-90FE-46C8-8C97-3C964586743B}"
EndProject
Project("{2150E333-8FDC-42A3-9474-1A3956D46DE8}") = "Compiler", "Compiler", "{A85630C5-4451-4D23-B62C-97BB22FC303F}"
EndProject
Project("{2150E333-8FDC-42A3-9474-1A3956D46DE8}") = "Simulation", "Simulation", "{0685CD9C-C499-4D5A-86B4-C6A0E7E7FCBE}"
EndProject
Project("{2150E333-8FDC-42A3-9474-1A3956D46DE8}") = "Util", "Util", "{AD55C760-6FAF-4B6D-B2C5-045CD95EA3DF}"
EndProject
Project("{8BC9CEB8-8B4A-11D0-8D11-00A0C91BC942}") = "SNDL", "SNDL\SNDL.vcxproj", "{AECE97D7-4524-492C-95C7-86563B63FB5B}"
	ProjectSection(ProjectDependencies) = postProject
		{94C0107D-CE26-489B-997A-E7B14568176C} = {94C0107D-CE26-489B-997A-E7B14568176C}
		{FAE1DE35-83D8-43D9-91FF-E9A3FDA6D225} = {FAE1DE35-83D8-43D9-91FF-E9A3FDA6D225}
	EndProjectSection
EndProject
Project("{8BC9CEB8-8B4A-11D0-8D11-00A0C91BC942}") = "LexParser", "LexParser\LexParser.vcxproj", "{30A71B95-86A5-48C7-9012-F2883FFDC772}"
EndProject
Project("{2150E333-8FDC-42A3-9474-1A3956D46DE8}") = "StdLib", "StdLib", "{73904E2F-5447-4919-A998-89CCADA0631B}"
EndProject
Project("{8BC9CEB8-8B4A-11D0-8D11-00A0C91BC942}") = "stdfunc", "stdfunc\stdfunc.vcxproj", "{94C0107D-CE26-489B-997A-E7B14568176C}"
EndProject
Project("{8BC9CEB8-8B4A-11D0-8D11-00A0C91BC942}") = "stdstruct", "stdstruct\stdstruct.vcxproj", "{FAE1DE35-83D8-43D9-91FF-E9A3FDA6D225}"
EndProject
Project("{2150E333-8FDC-42A3-9474-1A3956D46DE8}") = "target", "target", "{AE6BAA56-A103-4A47-A112-3C75DC5CB104}"
EndProject
Project("{8BC9CEB8-8B4A-11D0-8D11-00A0C91BC942}") = "sndl64", "sndl64\sndl64.vcxproj", "{9DAF35FD-E23E-4A3F-9B02-066B776B8654}"
EndProject
Project("{888888A0-9F3D-457C-B088-3A5042F75D52}") = "Synapse", "Synapse\Synapse.pyproj", "{EC027EDC-FD76-4CE4-9382-50710BCDE5F0}"
EndProject
Project("{8BC9CEB8-8B4A-11D0-8D11-00A0C91BC942}") = "SAPA", "SAPA\SAPA.vcxproj", "{4FA0E188-4F50-44F5-B14A-685E6614B95D}"
EndProject
Global
	GlobalSection(SolutionConfigurationPlatforms) = preSolution
		Debug|Any CPU = Debug|Any CPU
		Debug|x64 = Debug|x64
		Debug|x86 = Debug|x86
		Release|Any CPU = Release|Any CPU
		Release|x64 = Release|x64
		Release|x86 = Release|x86
	EndGlobalSection
	GlobalSection(ProjectConfigurationPlatforms) = postSolution
		{D9756DE6-90FE-46C8-8C97-3C964586743B}.Debug|Any CPU.ActiveCfg = Debug|x64
		{D9756DE6-90FE-46C8-8C97-3C964586743B}.Debug|Any CPU.Build.0 = Debug|x64
		{D9756DE6-90FE-46C8-8C97-3C964586743B}.Debug|x64.ActiveCfg = Debug|x64
		{D9756DE6-90FE-46C8-8C97-3C964586743B}.Debug|x64.Build.0 = Debug|x64
		{D9756DE6-90FE-46C8-8C97-3C964586743B}.Debug|x86.ActiveCfg = Debug|Win32
		{D9756DE6-90FE-46C8-8C97-3C964586743B}.Debug|x86.Build.0 = Debug|Win32
		{D9756DE6-90FE-46C8-8C97-3C964586743B}.Release|Any CPU.ActiveCfg = Release|x64
		{D9756DE6-90FE-46C8-8C97-3C964586743B}.Release|Any CPU.Build.0 = Release|x64
		{D9756DE6-90FE-46C8-8C97-3C964586743B}.Release|x64.ActiveCfg = Release|x64
		{D9756DE6-90FE-46C8-8C97-3C964586743B}.Release|x64.Build.0 = Release|x64
		{D9756DE6-90FE-46C8-8C97-3C964586743B}.Release|x86.ActiveCfg = Release|Win32
		{D9756DE6-90FE-46C8-8C97-3C964586743B}.Release|x86.Build.0 = Release|Win32
		{AECE97D7-4524-492C-95C7-86563B63FB5B}.Debug|Any CPU.ActiveCfg = Debug|x64
		{AECE97D7-4524-492C-95C7-86563B63FB5B}.Debug|Any CPU.Build.0 = Debug|x64
		{AECE97D7-4524-492C-95C7-86563B63FB5B}.Debug|x64.ActiveCfg = Debug|x64
		{AECE97D7-4524-492C-95C7-86563B63FB5B}.Debug|x64.Build.0 = Debug|x64
		{AECE97D7-4524-492C-95C7-86563B63FB5B}.Debug|x86.ActiveCfg = Debug|Win32
		{AECE97D7-4524-492C-95C7-86563B63FB5B}.Debug|x86.Build.0 = Debug|Win32
		{AECE97D7-4524-492C-95C7-86563B63FB5B}.Release|Any CPU.ActiveCfg = Release|x64
		{AECE97D7-4524-492C-95C7-86563B63FB5B}.Release|Any CPU.Build.0 = Release|x64
		{AECE97D7-4524-492C-95C7-86563B63FB5B}.Release|x64.ActiveCfg = Release|x64
		{AECE97D7-4524-492C-95C7-86563B63FB5B}.Release|x64.Build.0 = Release|x64
		{AECE97D7-4524-492C-95C7-86563B63FB5B}.Release|x86.ActiveCfg = Release|Win32
		{AECE97D7-4524-492C-95C7-86563B63FB5B}.Release|x86.Build.0 = Release|Win32
		{30A71B95-86A5-48C7-9012-F2883FFDC772}.Debug|Any CPU.ActiveCfg = Debug|x64
		{30A71B95-86A5-48C7-9012-F2883FFDC772}.Debug|Any CPU.Build.0 = Debug|x64
		{30A71B95-86A5-48C7-9012-F2883FFDC772}.Debug|x64.ActiveCfg = Debug|x64
		{30A71B95-86A5-48C7-9012-F2883FFDC772}.Debug|x64.Build.0 = Debug|x64
		{30A71B95-86A5-48C7-9012-F2883FFDC772}.Debug|x86.ActiveCfg = Debug|Win32
		{30A71B95-86A5-48C7-9012-F2883FFDC772}.Debug|x86.Build.0 = Debug|Win32
		{30A71B95-86A5-48C7-9012-F2883FFDC772}.Release|Any CPU.ActiveCfg = Release|x64
		{30A71B95-86A5-48C7-9012-F2883FFDC772}.Release|Any CPU.Build.0 = Release|x64
		{30A71B95-86A5-48C7-9012-F2883FFDC772}.Release|x64.ActiveCfg = Release|x64
		{30A71B95-86A5-48C7-9012-F2883FFDC772}.Release|x64.Build.0 = Release|x64
		{30A71B95-86A5-48C7-9012-F2883FFDC772}.Release|x86.ActiveCfg = Release|Win32
		{30A71B95-86A5-48C7-9012-F2883FFDC772}.Release|x86.Build.0 = Release|Win32
		{94C0107D-CE26-489B-997A-E7B14568176C}.Debug|Any CPU.ActiveCfg = Debug|x64
		{94C0107D-CE26-489B-997A-E7B14568176C}.Debug|Any CPU.Build.0 = Debug|x64
		{94C0107D-CE26-489B-997A-E7B14568176C}.Debug|x64.ActiveCfg = Debug|x64
		{94C0107D-CE26-489B-997A-E7B14568176C}.Debug|x64.Build.0 = Debug|x64
		{94C0107D-CE26-489B-997A-E7B14568176C}.Debug|x86.ActiveCfg = Debug|Win32
		{94C0107D-CE26-489B-997A-E7B14568176C}.Debug|x86.Build.0 = Debug|Win32
		{94C0107D-CE26-489B-997A-E7B14568176C}.Release|Any CPU.ActiveCfg = Release|x64
		{94C0107D-CE26-489B-997A-E7B14568176C}.Release|Any CPU.Build.0 = Release|x64
		{94C0107D-CE26-489B-997A-E7B14568176C}.Release|x64.ActiveCfg = Release|x64
		{94C0107D-CE26-489B-997A-E7B14568176C}.Release|x64.Build.0 = Release|x64
		{94C0107D-CE26-489B-997A-E7B14568176C}.Release|x86.ActiveCfg = Release|Win32
		{94C0107D-CE26-489B-997A-E7B14568176C}.Release|x86.Build.0 = Release|Win32
		{FAE1DE35-83D8-43D9-91FF-E9A3FDA6D225}.Debug|Any CPU.ActiveCfg = Debug|x64
		{FAE1DE35-83D8-43D9-91FF-E9A3FDA6D225}.Debug|Any CPU.Build.0 = Debug|x64
		{FAE1DE35-83D8-43D9-91FF-E9A3FDA6D225}.Debug|x64.ActiveCfg = Debug|x64
		{FAE1DE35-83D8-43D9-91FF-E9A3FDA6D225}.Debug|x64.Build.0 = Debug|x64
		{FAE1DE35-83D8-43D9-91FF-E9A3FDA6D225}.Debug|x86.ActiveCfg = Debug|Win32
		{FAE1DE35-83D8-43D9-91FF-E9A3FDA6D225}.Debug|x86.Build.0 = Debug|Win32
		{FAE1DE35-83D8-43D9-91FF-E9A3FDA6D225}.Release|Any CPU.ActiveCfg = Release|x64
		{FAE1DE35-83D8-43D9-91FF-E9A3FDA6D225}.Release|Any CPU.Build.0 = Release|x64
		{FAE1DE35-83D8-43D9-91FF-E9A3FDA6D225}.Release|x64.ActiveCfg = Release|x64
		{FAE1DE35-83D8-43D9-91FF-E9A3FDA6D225}.Release|x64.Build.0 = Release|x64
		{FAE1DE35-83D8-43D9-91FF-E9A3FDA6D225}.Release|x86.ActiveCfg = Release|Win32
		{FAE1DE35-83D8-43D9-91FF-E9A3FDA6D225}.Release|x86.Build.0 = Release|Win32
		{9DAF35FD-E23E-4A3F-9B02-066B776B8654}.Debug|Any CPU.ActiveCfg = Debug|x64
		{9DAF35FD-E23E-4A3F-9B02-066B776B8654}.Debug|Any CPU.Build.0 = Debug|x64
		{9DAF35FD-E23E-4A3F-9B02-066B776B8654}.Debug|x64.ActiveCfg = Debug|x64
		{9DAF35FD-E23E-4A3F-9B02-066B776B8654}.Debug|x64.Build.0 = Debug|x64
		{9DAF35FD-E23E-4A3F-9B02-066B776B8654}.Debug|x86.ActiveCfg = Debug|Win32
		{9DAF35FD-E23E-4A3F-9B02-066B776B8654}.Debug|x86.Build.0 = Debug|Win32
		{9DAF35FD-E23E-4A3F-9B02-066B776B8654}.Release|Any CPU.ActiveCfg = Release|x64
		{9DAF35FD-E23E-4A3F-9B02-066B776B8654}.Release|Any CPU.Build.0 = Release|x64
		{9DAF35FD-E23E-4A3F-9B02-066B776B8654}.Release|x64.ActiveCfg = Release|x64
		{9DAF35FD-E23E-4A3F-9B02-066B776B8654}.Release|x64.Build.0 = Release|x64
		{9DAF35FD-E23E-4A3F-9B02-066B776B8654}.Release|x86.ActiveCfg = Release|Win32
		{9DAF35FD-E23E-4A3F-9B02-066B776B8654}.Release|x86.Build.0 = Release|Win32
		{EC027EDC-FD76-4CE4-9382-50710BCDE5F0}.Debug|Any CPU.ActiveCfg = Debug|Any CPU
		{EC027EDC-FD76-4CE4-9382-50710BCDE5F0}.Debug|x64.ActiveCfg = Debug|Any CPU
		{EC027EDC-FD76-4CE4-9382-50710BCDE5F0}.Debug|x86.ActiveCfg = Debug|Any CPU
		{EC027EDC-FD76-4CE4-9382-50710BCDE5F0}.Release|Any CPU.ActiveCfg = Release|Any CPU
		{EC027EDC-FD76-4CE4-9382-50710BCDE5F0}.Release|x64.ActiveCfg = Release|Any CPU
		{EC027EDC-FD76-4CE4-9382-50710BCDE5F0}.Release|x86.ActiveCfg = Release|Any CPU
		{4FA0E188-4F50-44F5-B14A-685E6614B95D}.Debug|Any CPU.ActiveCfg = Debug|x64
		{4FA0E188-4F50-44F5-B14A-685E6614B95D}.Debug|Any CPU.Build.0 = Debug|x64
		{4FA0E188-4F50-44F5-B14A-685E6614B95D}.Debug|x64.ActiveCfg = Debug|x64
		{4FA0E188-4F50-44F5-B14A-685E6614B95D}.Debug|x64.Build.0 = Debug|x64
		{4FA0E188-4F50-44F5-B14A-685E6614B95D}.Debug|x86.ActiveCfg = Debug|Win32
		{4FA0E188-4F50-44F5-B14A-685E6614B95D}.Debug|x86.Build.0 = Debug|Win32
		{4FA0E188-4F50-44F5-B14A-685E6614B95D}.Release|Any CPU.ActiveCfg = Release|x64
		{4FA0E188-4F50-44F5-B14A-685E6614B95D}.Release|Any CPU.Build.0 = Release|x64
		{4FA0E188-4F50-44F5-B14A-685E6614B95D}.Release|x64.ActiveCfg = Release|x64
		{4FA0E188-4F50-44F5-B14A-685E6614B95D}.Release|x64.Build.0 = Release|x64
		{4FA0E188-4F50-44F5-B14A-685E6614B95D}.Release|x86.ActiveCfg = Release|Win32
		{4FA0E188-4F50-44F5-B14A-685E6614B95D}.Release|x86.Build.0 = Release|Win32
	EndGlobalSection
	GlobalSection(SolutionProperties) = preSolution
		HideSolutionNode = FALSE
	EndGlobalSection
	GlobalSection(NestedProjects) = preSolution
		{D9756DE6-90FE-46C8-8C97-3C964586743B} = {A85630C5-4451-4D23-B62C-97BB22FC303F}
		{AECE97D7-4524-492C-95C7-86563B63FB5B} = {A85630C5-4451-4D23-B62C-97BB22FC303F}
		{30A71B95-86A5-48C7-9012-F2883FFDC772} = {A85630C5-4451-4D23-B62C-97BB22FC303F}
		{73904E2F-5447-4919-A998-89CCADA0631B} = {A85630C5-4451-4D23-B62C-97BB22FC303F}
		{94C0107D-CE26-489B-997A-E7B14568176C} = {73904E2F-5447-4919-A998-89CCADA0631B}
		{FAE1DE35-83D8-43D9-91FF-E9A3FDA6D225} = {73904E2F-5447-4919-A998-89CCADA0631B}
		{AE6BAA56-A103-4A47-A112-3C75DC5CB104} = {A85630C5-4451-4D23-B62C-97BB22FC303F}
		{9DAF35FD-E23E-4A3F-9B02-066B776B8654} = {AE6BAA56-A103-4A47-A112-3C75DC5CB104}
		{EC027EDC-FD76-4CE4-9382-50710BCDE5F0} = {AD55C760-6FAF-4B6D-B2C5-045CD95EA3DF}
		{4FA0E188-4F50-44F5-B14A-685E6614B95D} = {0685CD9C-C499-4D5A-86B4-C6A0E7E7FCBE}
	EndGlobalSection
	GlobalSection(ExtensibilityGlobals) = postSolution
		SolutionGuid = {E73B0C86-5D66-43D9-A377-7B2FCE32F22A}
	EndGlobalSection
EndGlobal
